{
  "nodes": {
    "nixpkgs": {
      "locked": {
        "lastModified": 1689782840,
        "narHash": "sha256-ElhyyjTPk49TiNRqE2VRtn4dNPIWz9yKoqNyqZCviHw=",
        "owner": "wexder",
        "repo": "nixpkgs",
        "rev": "d820db331afd87c71a7bb97f942582ed61d46f91",
        "type": "github"
      },
      "original": {
        "owner": "wexder",
        "ref": "netclient",
        "repo": "nixpkgs",
        "type": "github"
      }
    },
    "root": {
      "inputs": {
        "nixpkgs": "nixpkgs"
      }
    }
  },
  "root": "root",
  "version": 7
}
