{
  "nodes": {
    "config": {
      "locked": {
        "lastModified": 1690633660,
        "narHash": "sha256-vpNVql4y4JeuOXvXWJ3VAZrrWBVIUCyw6ZWybi2xyBk=",
        "owner": "wexder",
        "repo": "snowy-lab",
        "rev": "23d4cec3daf89b55002975d4c10684ca84a5a40d",
        "type": "github"
      },
      "original": {
        "owner": "wexder",
        "repo": "snowy-lab",
        "type": "github"
      }
    },
    "nixpkgs": {
      "locked": {
        "lastModified": 1690473807,
        "narHash": "sha256-gWTW1M+tqk/y0nlSN6wRHLNNcaCnUEK1muyGrIw5CKI=",
        "owner": "wexder",
        "repo": "nixpkgs",
        "rev": "61f9ce3177cf8603132b2cf02ef4dc0c5ee7df6e",
        "type": "github"
      },
      "original": {
        "owner": "wexder",
        "ref": "netclient",
        "repo": "nixpkgs",
        "type": "github"
      }
    },
    "root": {
      "inputs": {
        "config": "config",
        "nixpkgs": "nixpkgs",
        "vpn": "vpn"
      }
    },
    "vpn": {
      "locked": {
        "dir": "configurations/machines/vpn",
        "lastModified": 1690637957,
        "narHash": "sha256-q0BXzGyyKMmULdGYpf36afcOYUIdmq1zxtbLvZeeszM=",
        "owner": "wexder",
        "repo": "snowy-lab",
        "rev": "5d0ff077bc88b8591dc172c9fb40b18d60866f4a",
        "type": "github"
      },
      "original": {
        "dir": "configurations/machines/vpn",
        "owner": "wexder",
        "ref": "5d0ff077",
        "repo": "snowy-lab",
        "type": "github"
      }
    }
  },
  "root": "root",
  "version": 7
}
