{
  "nodes": {
    "config": {
      "locked": {
        "lastModified": 1690125641,
        "narHash": "sha256-i56DdxKyK1vmrGYzxrzKMZ8a66czvuEYncP7A+3ipVk=",
        "owner": "wexder",
        "repo": "snowy-lab",
        "rev": "0bd86ecdd422bf55ebfafce501701f4aa224ef2c",
        "type": "github"
      },
      "original": {
        "owner": "wexder",
        "repo": "snowy-lab",
        "type": "github"
      }
    },
    "nixpkgs": {
      "locked": {
        "lastModified": 1690030300,
        "narHash": "sha256-h2rKO6MuxJ++hMY+esOrCrgZVLToEUo9kIfjH0HLh5M=",
        "owner": "wexder",
        "repo": "nixpkgs",
        "rev": "21524d63124a5f98ccaaf1a5cbd9711ce7c030b5",
        "type": "github"
      },
      "original": {
        "owner": "wexder",
        "ref": "netclient",
        "repo": "nixpkgs",
        "type": "github"
      }
    },
    "root": {
      "inputs": {
        "config": "config",
        "nixpkgs": "nixpkgs",
        "vpn": "vpn"
      }
    },
    "vpn": {
      "locked": {
        "dir": "configurations/machines/vpn",
        "lastModified": 1690125641,
        "narHash": "sha256-i56DdxKyK1vmrGYzxrzKMZ8a66czvuEYncP7A+3ipVk=",
        "owner": "wexder",
        "repo": "snowy-lab",
        "rev": "0bd86ecdd422bf55ebfafce501701f4aa224ef2c",
        "type": "github"
      },
      "original": {
        "dir": "configurations/machines/vpn",
        "owner": "wexder",
        "repo": "snowy-lab",
        "type": "github"
      }
    }
  },
  "root": "root",
  "version": 7
}
